PODS:
  - SnapKit (5.6.0)
  - SwiftLint (0.48.0)

DEPENDENCIES:
  - SnapKit (~> 5.6.0)
  - SwiftLint

SPEC REPOS:
  trunk:
    - SnapKit
    - SwiftLint

SPEC CHECKSUMS:
  SnapKit: e01d52ebb8ddbc333eefe2132acf85c8227d9c25
  SwiftLint: 284cea64b6187c5d6bd83e9a548a64104d546447

PODFILE CHECKSUM: 53727005fe2961a17d403192f402608a19234beb

COCOAPODS: 1.11.3
