// !$*UTF8*$!
{
	archiveVersion = 1;
	classes = {
	};
	objectVersion = 55;
	objects = {

/* Begin PBXBuildFile section */
		1D10B9E5DE598B226A76DD82 /* Pods_mySpotify.framework in Frameworks */ = {isa = PBXBuildFile; fileRef = 959466891A4326EF33D52B15 /* Pods_mySpotify.framework */; };
		FA525ED329520AAB00FAC660 /* AlbumDetailsResponse.swift in Sources */ = {isa = PBXBuildFile; fileRef = FA525ED229520AAB00FAC660 /* AlbumDetailsResponse.swift */; };
		FA525ED92954842900FAC660 /* PlaylistDetailsResponse.swift in Sources */ = {isa = PBXBuildFile; fileRef = FA525ED82954842900FAC660 /* PlaylistDetailsResponse.swift */; };
		FA525EDB2955D84B00FAC660 /* PlaylistHeaderCollectionReusableView.swift in Sources */ = {isa = PBXBuildFile; fileRef = FA525EDA2955D84B00FAC660 /* PlaylistHeaderCollectionReusableView.swift */; };
		FA525EDD2955DBD700FAC660 /* PlaylistHeaderViewViewModel.swift in Sources */ = {isa = PBXBuildFile; fileRef = FA525EDC2955DBD700FAC660 /* PlaylistHeaderViewViewModel.swift */; };
		FA58FE8229422826006683B3 /* AppDelegate.swift in Sources */ = {isa = PBXBuildFile; fileRef = FA58FE8129422826006683B3 /* AppDelegate.swift */; };
		FA58FE8429422826006683B3 /* SceneDelegate.swift in Sources */ = {isa = PBXBuildFile; fileRef = FA58FE8329422826006683B3 /* SceneDelegate.swift */; };
		FA58FE8629422826006683B3 /* HomeViewController.swift in Sources */ = {isa = PBXBuildFile; fileRef = FA58FE8529422826006683B3 /* HomeViewController.swift */; };
		FA58FE8B2942282B006683B3 /* Assets.xcassets in Resources */ = {isa = PBXBuildFile; fileRef = FA58FE8A2942282B006683B3 /* Assets.xcassets */; };
		FA58FE8E2942282B006683B3 /* LaunchScreen.storyboard in Resources */ = {isa = PBXBuildFile; fileRef = FA58FE8C2942282B006683B3 /* LaunchScreen.storyboard */; };
		FA58FE9C29422EA4006683B3 /* TabBarController.swift in Sources */ = {isa = PBXBuildFile; fileRef = FA58FE9B29422EA4006683B3 /* TabBarController.swift */; };
		FA58FE9E29422F31006683B3 /* SearchViewController.swift in Sources */ = {isa = PBXBuildFile; fileRef = FA58FE9D29422F31006683B3 /* SearchViewController.swift */; };
		FA58FEA029422F5A006683B3 /* LibraryViewController.swift in Sources */ = {isa = PBXBuildFile; fileRef = FA58FE9F29422F5A006683B3 /* LibraryViewController.swift */; };
		FA58FEA4294230FC006683B3 /* AuthViewController.swift in Sources */ = {isa = PBXBuildFile; fileRef = FA58FEA3294230FC006683B3 /* AuthViewController.swift */; };
		FA58FEA72942313E006683B3 /* WelcomeViewController.swift in Sources */ = {isa = PBXBuildFile; fileRef = FA58FEA62942313E006683B3 /* WelcomeViewController.swift */; };
		FA58FEA929423149006683B3 /* SettingsViewController.swift in Sources */ = {isa = PBXBuildFile; fileRef = FA58FEA829423149006683B3 /* SettingsViewController.swift */; };
		FA58FEAB2942315F006683B3 /* ProfileViewController.swift in Sources */ = {isa = PBXBuildFile; fileRef = FA58FEAA2942315F006683B3 /* ProfileViewController.swift */; };
		FA58FEAD29423181006683B3 /* PlayerViewController.swift in Sources */ = {isa = PBXBuildFile; fileRef = FA58FEAC29423181006683B3 /* PlayerViewController.swift */; };
		FA58FEAF2942318F006683B3 /* PlaylistViewController.swift in Sources */ = {isa = PBXBuildFile; fileRef = FA58FEAE2942318F006683B3 /* PlaylistViewController.swift */; };
		FA58FEB1294231B4006683B3 /* SearchResultsViewController.swift in Sources */ = {isa = PBXBuildFile; fileRef = FA58FEB0294231B4006683B3 /* SearchResultsViewController.swift */; };
		FA58FEB3294231F3006683B3 /* AuthManager.swift in Sources */ = {isa = PBXBuildFile; fileRef = FA58FEB2294231F3006683B3 /* AuthManager.swift */; };
		FA58FEB529423202006683B3 /* APICaller.swift in Sources */ = {isa = PBXBuildFile; fileRef = FA58FEB429423202006683B3 /* APICaller.swift */; };
		FA58FEB72942321B006683B3 /* HapticsManager.swift in Sources */ = {isa = PBXBuildFile; fileRef = FA58FEB62942321B006683B3 /* HapticsManager.swift */; };
		FA58FEB929423240006683B3 /* Playlist.swift in Sources */ = {isa = PBXBuildFile; fileRef = FA58FEB829423240006683B3 /* Playlist.swift */; };
		FA58FEBB29423270006683B3 /* Artist.swift in Sources */ = {isa = PBXBuildFile; fileRef = FA58FEBA29423270006683B3 /* Artist.swift */; };
		FA58FEBD2942327C006683B3 /* UserProfile.swift in Sources */ = {isa = PBXBuildFile; fileRef = FA58FEBC2942327C006683B3 /* UserProfile.swift */; };
		FA58FEBF2942329E006683B3 /* AudioTrack.swift in Sources */ = {isa = PBXBuildFile; fileRef = FA58FEBE2942329E006683B3 /* AudioTrack.swift */; };
		FABDE045294376D0003A09D9 /* AuthResponse.swift in Sources */ = {isa = PBXBuildFile; fileRef = FABDE044294376D0003A09D9 /* AuthResponse.swift */; };
		FABDE05D2947A9FD003A09D9 /* SettingsModel.swift in Sources */ = {isa = PBXBuildFile; fileRef = FABDE05C2947A9FD003A09D9 /* SettingsModel.swift */; };
		FABDE063294DED50003A09D9 /* NewReleasesResponse.swift in Sources */ = {isa = PBXBuildFile; fileRef = FABDE062294DED50003A09D9 /* NewReleasesResponse.swift */; };
		FABDE065294DEE30003A09D9 /* APIImage.swift in Sources */ = {isa = PBXBuildFile; fileRef = FABDE064294DEE30003A09D9 /* APIImage.swift */; };
		FABDE067294DF305003A09D9 /* FeaturedPlaylistsResponse.swift in Sources */ = {isa = PBXBuildFile; fileRef = FABDE066294DF305003A09D9 /* FeaturedPlaylistsResponse.swift */; };
		FABDE069294DFAB2003A09D9 /* RecommendedGenresResponse.swift in Sources */ = {isa = PBXBuildFile; fileRef = FABDE068294DFAB2003A09D9 /* RecommendedGenresResponse.swift */; };
		FABDE06B294E2233003A09D9 /* RecommendationsResponse.swift in Sources */ = {isa = PBXBuildFile; fileRef = FABDE06A294E2233003A09D9 /* RecommendationsResponse.swift */; };
		FABDE06E294F6867003A09D9 /* NewReleasesCollectionViewCell.swift in Sources */ = {isa = PBXBuildFile; fileRef = FABDE06D294F6867003A09D9 /* NewReleasesCollectionViewCell.swift */; };
		FABDE070294F68B0003A09D9 /* FeaturedPlaylistsCollectionViewCell.swift in Sources */ = {isa = PBXBuildFile; fileRef = FABDE06F294F68B0003A09D9 /* FeaturedPlaylistsCollectionViewCell.swift */; };
		FABDE072294F6909003A09D9 /* RecommendedTracksCollectionViewCell.swift in Sources */ = {isa = PBXBuildFile; fileRef = FABDE071294F6909003A09D9 /* RecommendedTracksCollectionViewCell.swift */; };
		FABDE08729509E5D003A09D9 /* NewReleasesCellViewModel.swift in Sources */ = {isa = PBXBuildFile; fileRef = FABDE08629509E5D003A09D9 /* NewReleasesCellViewModel.swift */; };
		FABDE0892950F45E003A09D9 /* FeaturedPlaylistsCellViewModel.swift in Sources */ = {isa = PBXBuildFile; fileRef = FABDE0882950F45E003A09D9 /* FeaturedPlaylistsCellViewModel.swift */; };
		FABDE08B2950F4E7003A09D9 /* RecommendedTracksCellViewModel.swift in Sources */ = {isa = PBXBuildFile; fileRef = FABDE08A2950F4E7003A09D9 /* RecommendedTracksCellViewModel.swift */; };
		FABDE08D2951FCD7003A09D9 /* AlbumViewController.swift in Sources */ = {isa = PBXBuildFile; fileRef = FABDE08C2951FCD7003A09D9 /* AlbumViewController.swift */; };
/* End PBXBuildFile section */

/* Begin PBXFileReference section */
		379168D2B49BF691B857EE45 /* Pods-mySpotify.release.xcconfig */ = {isa = PBXFileReference; includeInIndex = 1; lastKnownFileType = text.xcconfig; name = "Pods-mySpotify.release.xcconfig"; path = "Target Support Files/Pods-mySpotify/Pods-mySpotify.release.xcconfig"; sourceTree = "<group>"; };
		959466891A4326EF33D52B15 /* Pods_mySpotify.framework */ = {isa = PBXFileReference; explicitFileType = wrapper.framework; includeInIndex = 0; path = Pods_mySpotify.framework; sourceTree = BUILT_PRODUCTS_DIR; };
		D6A3FE4FD8491245374581F8 /* Pods-mySpotify.debug.xcconfig */ = {isa = PBXFileReference; includeInIndex = 1; lastKnownFileType = text.xcconfig; name = "Pods-mySpotify.debug.xcconfig"; path = "Target Support Files/Pods-mySpotify/Pods-mySpotify.debug.xcconfig"; sourceTree = "<group>"; };
		FA525ED229520AAB00FAC660 /* AlbumDetailsResponse.swift */ = {isa = PBXFileReference; lastKnownFileType = sourcecode.swift; path = AlbumDetailsResponse.swift; sourceTree = "<group>"; };
		FA525ED82954842900FAC660 /* PlaylistDetailsResponse.swift */ = {isa = PBXFileReference; lastKnownFileType = sourcecode.swift; path = PlaylistDetailsResponse.swift; sourceTree = "<group>"; };
		FA525EDA2955D84B00FAC660 /* PlaylistHeaderCollectionReusableView.swift */ = {isa = PBXFileReference; lastKnownFileType = sourcecode.swift; path = PlaylistHeaderCollectionReusableView.swift; sourceTree = "<group>"; };
		FA525EDC2955DBD700FAC660 /* PlaylistHeaderViewViewModel.swift */ = {isa = PBXFileReference; lastKnownFileType = sourcecode.swift; path = PlaylistHeaderViewViewModel.swift; sourceTree = "<group>"; };
		FA58FE7E29422826006683B3 /* mySpotify.app */ = {isa = PBXFileReference; explicitFileType = wrapper.application; includeInIndex = 0; path = mySpotify.app; sourceTree = BUILT_PRODUCTS_DIR; };
		FA58FE8129422826006683B3 /* AppDelegate.swift */ = {isa = PBXFileReference; lastKnownFileType = sourcecode.swift; path = AppDelegate.swift; sourceTree = "<group>"; };
		FA58FE8329422826006683B3 /* SceneDelegate.swift */ = {isa = PBXFileReference; lastKnownFileType = sourcecode.swift; path = SceneDelegate.swift; sourceTree = "<group>"; };
		FA58FE8529422826006683B3 /* HomeViewController.swift */ = {isa = PBXFileReference; lastKnownFileType = sourcecode.swift; path = HomeViewController.swift; sourceTree = "<group>"; };
		FA58FE8A2942282B006683B3 /* Assets.xcassets */ = {isa = PBXFileReference; lastKnownFileType = folder.assetcatalog; path = Assets.xcassets; sourceTree = "<group>"; };
		FA58FE8D2942282B006683B3 /* Base */ = {isa = PBXFileReference; lastKnownFileType = file.storyboard; name = Base; path = Base.lproj/LaunchScreen.storyboard; sourceTree = "<group>"; };
		FA58FE8F2942282B006683B3 /* Info.plist */ = {isa = PBXFileReference; lastKnownFileType = text.plist.xml; path = Info.plist; sourceTree = "<group>"; };
		FA58FE9B29422EA4006683B3 /* TabBarController.swift */ = {isa = PBXFileReference; lastKnownFileType = sourcecode.swift; path = TabBarController.swift; sourceTree = "<group>"; };
		FA58FE9D29422F31006683B3 /* SearchViewController.swift */ = {isa = PBXFileReference; lastKnownFileType = sourcecode.swift; path = SearchViewController.swift; sourceTree = "<group>"; };
		FA58FE9F29422F5A006683B3 /* LibraryViewController.swift */ = {isa = PBXFileReference; lastKnownFileType = sourcecode.swift; path = LibraryViewController.swift; sourceTree = "<group>"; };
		FA58FEA3294230FC006683B3 /* AuthViewController.swift */ = {isa = PBXFileReference; lastKnownFileType = sourcecode.swift; path = AuthViewController.swift; sourceTree = "<group>"; };
		FA58FEA62942313E006683B3 /* WelcomeViewController.swift */ = {isa = PBXFileReference; lastKnownFileType = sourcecode.swift; path = WelcomeViewController.swift; sourceTree = "<group>"; };
		FA58FEA829423149006683B3 /* SettingsViewController.swift */ = {isa = PBXFileReference; lastKnownFileType = sourcecode.swift; path = SettingsViewController.swift; sourceTree = "<group>"; };
		FA58FEAA2942315F006683B3 /* ProfileViewController.swift */ = {isa = PBXFileReference; lastKnownFileType = sourcecode.swift; path = ProfileViewController.swift; sourceTree = "<group>"; };
		FA58FEAC29423181006683B3 /* PlayerViewController.swift */ = {isa = PBXFileReference; lastKnownFileType = sourcecode.swift; path = PlayerViewController.swift; sourceTree = "<group>"; };
		FA58FEAE2942318F006683B3 /* PlaylistViewController.swift */ = {isa = PBXFileReference; lastKnownFileType = sourcecode.swift; path = PlaylistViewController.swift; sourceTree = "<group>"; };
		FA58FEB0294231B4006683B3 /* SearchResultsViewController.swift */ = {isa = PBXFileReference; lastKnownFileType = sourcecode.swift; path = SearchResultsViewController.swift; sourceTree = "<group>"; };
		FA58FEB2294231F3006683B3 /* AuthManager.swift */ = {isa = PBXFileReference; lastKnownFileType = sourcecode.swift; path = AuthManager.swift; sourceTree = "<group>"; };
		FA58FEB429423202006683B3 /* APICaller.swift */ = {isa = PBXFileReference; lastKnownFileType = sourcecode.swift; path = APICaller.swift; sourceTree = "<group>"; };
		FA58FEB62942321B006683B3 /* HapticsManager.swift */ = {isa = PBXFileReference; lastKnownFileType = sourcecode.swift; path = HapticsManager.swift; sourceTree = "<group>"; };
		FA58FEB829423240006683B3 /* Playlist.swift */ = {isa = PBXFileReference; lastKnownFileType = sourcecode.swift; path = Playlist.swift; sourceTree = "<group>"; };
		FA58FEBA29423270006683B3 /* Artist.swift */ = {isa = PBXFileReference; lastKnownFileType = sourcecode.swift; path = Artist.swift; sourceTree = "<group>"; };
		FA58FEBC2942327C006683B3 /* UserProfile.swift */ = {isa = PBXFileReference; lastKnownFileType = sourcecode.swift; path = UserProfile.swift; sourceTree = "<group>"; };
		FA58FEBE2942329E006683B3 /* AudioTrack.swift */ = {isa = PBXFileReference; lastKnownFileType = sourcecode.swift; path = AudioTrack.swift; sourceTree = "<group>"; };
		FABDE044294376D0003A09D9 /* AuthResponse.swift */ = {isa = PBXFileReference; lastKnownFileType = sourcecode.swift; path = AuthResponse.swift; sourceTree = "<group>"; };
		FABDE05C2947A9FD003A09D9 /* SettingsModel.swift */ = {isa = PBXFileReference; lastKnownFileType = sourcecode.swift; path = SettingsModel.swift; sourceTree = "<group>"; };
		FABDE062294DED50003A09D9 /* NewReleasesResponse.swift */ = {isa = PBXFileReference; lastKnownFileType = sourcecode.swift; path = NewReleasesResponse.swift; sourceTree = "<group>"; };
		FABDE064294DEE30003A09D9 /* APIImage.swift */ = {isa = PBXFileReference; lastKnownFileType = sourcecode.swift; path = APIImage.swift; sourceTree = "<group>"; };
		FABDE066294DF305003A09D9 /* FeaturedPlaylistsResponse.swift */ = {isa = PBXFileReference; lastKnownFileType = sourcecode.swift; path = FeaturedPlaylistsResponse.swift; sourceTree = "<group>"; };
		FABDE068294DFAB2003A09D9 /* RecommendedGenresResponse.swift */ = {isa = PBXFileReference; lastKnownFileType = sourcecode.swift; path = RecommendedGenresResponse.swift; sourceTree = "<group>"; };
		FABDE06A294E2233003A09D9 /* RecommendationsResponse.swift */ = {isa = PBXFileReference; lastKnownFileType = sourcecode.swift; path = RecommendationsResponse.swift; sourceTree = "<group>"; };
		FABDE06D294F6867003A09D9 /* NewReleasesCollectionViewCell.swift */ = {isa = PBXFileReference; lastKnownFileType = sourcecode.swift; path = NewReleasesCollectionViewCell.swift; sourceTree = "<group>"; };
		FABDE06F294F68B0003A09D9 /* FeaturedPlaylistsCollectionViewCell.swift */ = {isa = PBXFileReference; lastKnownFileType = sourcecode.swift; path = FeaturedPlaylistsCollectionViewCell.swift; sourceTree = "<group>"; };
		FABDE071294F6909003A09D9 /* RecommendedTracksCollectionViewCell.swift */ = {isa = PBXFileReference; lastKnownFileType = sourcecode.swift; path = RecommendedTracksCollectionViewCell.swift; sourceTree = "<group>"; };
		FABDE08629509E5D003A09D9 /* NewReleasesCellViewModel.swift */ = {isa = PBXFileReference; lastKnownFileType = sourcecode.swift; path = NewReleasesCellViewModel.swift; sourceTree = "<group>"; };
		FABDE0882950F45E003A09D9 /* FeaturedPlaylistsCellViewModel.swift */ = {isa = PBXFileReference; lastKnownFileType = sourcecode.swift; path = FeaturedPlaylistsCellViewModel.swift; sourceTree = "<group>"; };
		FABDE08A2950F4E7003A09D9 /* RecommendedTracksCellViewModel.swift */ = {isa = PBXFileReference; lastKnownFileType = sourcecode.swift; path = RecommendedTracksCellViewModel.swift; sourceTree = "<group>"; };
		FABDE08C2951FCD7003A09D9 /* AlbumViewController.swift */ = {isa = PBXFileReference; lastKnownFileType = sourcecode.swift; path = AlbumViewController.swift; sourceTree = "<group>"; };
/* End PBXFileReference section */

/* Begin PBXFrameworksBuildPhase section */
		FA58FE7B29422826006683B3 /* Frameworks */ = {
			isa = PBXFrameworksBuildPhase;
			buildActionMask = 2147483647;
			files = (
				1D10B9E5DE598B226A76DD82 /* Pods_mySpotify.framework in Frameworks */,
			);
			runOnlyForDeploymentPostprocessing = 0;
		};
/* End PBXFrameworksBuildPhase section */

/* Begin PBXGroup section */
		1F3A342EB9CE13AB64C4CBCC /* Pods */ = {
			isa = PBXGroup;
			children = (
				D6A3FE4FD8491245374581F8 /* Pods-mySpotify.debug.xcconfig */,
				379168D2B49BF691B857EE45 /* Pods-mySpotify.release.xcconfig */,
			);
			path = Pods;
			sourceTree = "<group>";
		};
		A7CB27F71A53269F38971D44 /* Frameworks */ = {
			isa = PBXGroup;
			children = (
				959466891A4326EF33D52B15 /* Pods_mySpotify.framework */,
			);
			name = Frameworks;
			sourceTree = "<group>";
		};
		FA58FE7529422826006683B3 = {
			isa = PBXGroup;
			children = (
				FA58FE8029422826006683B3 /* mySpotify */,
				FA58FE7F29422826006683B3 /* Products */,
				1F3A342EB9CE13AB64C4CBCC /* Pods */,
				A7CB27F71A53269F38971D44 /* Frameworks */,
			);
			sourceTree = "<group>";
		};
		FA58FE7F29422826006683B3 /* Products */ = {
			isa = PBXGroup;
			children = (
				FA58FE7E29422826006683B3 /* mySpotify.app */,
			);
			name = Products;
			sourceTree = "<group>";
		};
		FA58FE8029422826006683B3 /* mySpotify */ = {
			isa = PBXGroup;
			children = (
				FA58FE9A29422A75006683B3 /* Managers */,
				FA58FE9929422A67006683B3 /* ViewModels */,
				FA58FE9829422A5C006683B3 /* Models */,
				FA58FE9729422A4D006683B3 /* Resources */,
				FA58FE9629422A45006683B3 /* Views */,
				FA58FE9529422A3C006683B3 /* Controllers */,
				FA58FE8F2942282B006683B3 /* Info.plist */,
			);
			path = mySpotify;
			sourceTree = "<group>";
		};
		FA58FE9529422A3C006683B3 /* Controllers */ = {
			isa = PBXGroup;
			children = (
				FA58FEA2294230E9006683B3 /* Other */,
				FA58FEA1294230E3006683B3 /* Core */,
			);
			path = Controllers;
			sourceTree = "<group>";
		};
		FA58FE9629422A45006683B3 /* Views */ = {
			isa = PBXGroup;
			children = (
				FABDE06C294F682C003A09D9 /* Browse */,
				FA58FE8C2942282B006683B3 /* LaunchScreen.storyboard */,
				FA525EDA2955D84B00FAC660 /* PlaylistHeaderCollectionReusableView.swift */,
			);
			path = Views;
			sourceTree = "<group>";
		};
		FA58FE9729422A4D006683B3 /* Resources */ = {
			isa = PBXGroup;
			children = (
				FA58FE8129422826006683B3 /* AppDelegate.swift */,
				FA58FE8329422826006683B3 /* SceneDelegate.swift */,
				FA58FE8A2942282B006683B3 /* Assets.xcassets */,
			);
			path = Resources;
			sourceTree = "<group>";
		};
		FA58FE9829422A5C006683B3 /* Models */ = {
			isa = PBXGroup;
			children = (
				FA58FEB829423240006683B3 /* Playlist.swift */,
				FA58FEBA29423270006683B3 /* Artist.swift */,
				FA58FEBC2942327C006683B3 /* UserProfile.swift */,
				FA58FEBE2942329E006683B3 /* AudioTrack.swift */,
				FABDE044294376D0003A09D9 /* AuthResponse.swift */,
				FABDE05C2947A9FD003A09D9 /* SettingsModel.swift */,
				FABDE062294DED50003A09D9 /* NewReleasesResponse.swift */,
				FABDE064294DEE30003A09D9 /* APIImage.swift */,
				FABDE066294DF305003A09D9 /* FeaturedPlaylistsResponse.swift */,
				FABDE068294DFAB2003A09D9 /* RecommendedGenresResponse.swift */,
				FABDE06A294E2233003A09D9 /* RecommendationsResponse.swift */,
				FA525ED229520AAB00FAC660 /* AlbumDetailsResponse.swift */,
				FA525ED82954842900FAC660 /* PlaylistDetailsResponse.swift */,
			);
			path = Models;
			sourceTree = "<group>";
		};
		FA58FE9929422A67006683B3 /* ViewModels */ = {
			isa = PBXGroup;
			children = (
				FABDE08629509E5D003A09D9 /* NewReleasesCellViewModel.swift */,
				FABDE0882950F45E003A09D9 /* FeaturedPlaylistsCellViewModel.swift */,
				FABDE08A2950F4E7003A09D9 /* RecommendedTracksCellViewModel.swift */,
				FA525EDC2955DBD700FAC660 /* PlaylistHeaderViewViewModel.swift */,
			);
			path = ViewModels;
			sourceTree = "<group>";
		};
		FA58FE9A29422A75006683B3 /* Managers */ = {
			isa = PBXGroup;
			children = (
				FA58FEB2294231F3006683B3 /* AuthManager.swift */,
				FA58FEB429423202006683B3 /* APICaller.swift */,
				FA58FEB62942321B006683B3 /* HapticsManager.swift */,
			);
			path = Managers;
			sourceTree = "<group>";
		};
		FA58FEA1294230E3006683B3 /* Core */ = {
			isa = PBXGroup;
			children = (
				FA58FE8529422826006683B3 /* HomeViewController.swift */,
				FA58FE9B29422EA4006683B3 /* TabBarController.swift */,
				FA58FE9D29422F31006683B3 /* SearchViewController.swift */,
				FA58FE9F29422F5A006683B3 /* LibraryViewController.swift */,
			);
			path = Core;
			sourceTree = "<group>";
		};
		FA58FEA2294230E9006683B3 /* Other */ = {
			isa = PBXGroup;
			children = (
				FA58FEA3294230FC006683B3 /* AuthViewController.swift */,
				FA58FEA62942313E006683B3 /* WelcomeViewController.swift */,
				FA58FEA829423149006683B3 /* SettingsViewController.swift */,
				FA58FEAA2942315F006683B3 /* ProfileViewController.swift */,
				FA58FEAC29423181006683B3 /* PlayerViewController.swift */,
				FA58FEAE2942318F006683B3 /* PlaylistViewController.swift */,
				FA58FEB0294231B4006683B3 /* SearchResultsViewController.swift */,
				FABDE08C2951FCD7003A09D9 /* AlbumViewController.swift */,
			);
			path = Other;
			sourceTree = "<group>";
		};
		FABDE06C294F682C003A09D9 /* Browse */ = {
			isa = PBXGroup;
			children = (
				FABDE06D294F6867003A09D9 /* NewReleasesCollectionViewCell.swift */,
				FABDE06F294F68B0003A09D9 /* FeaturedPlaylistsCollectionViewCell.swift */,
				FABDE071294F6909003A09D9 /* RecommendedTracksCollectionViewCell.swift */,
			);
			path = Browse;
			sourceTree = "<group>";
		};
/* End PBXGroup section */

/* Begin PBXNativeTarget section */
		FA58FE7D29422826006683B3 /* mySpotify */ = {
			isa = PBXNativeTarget;
			buildConfigurationList = FA58FE922942282B006683B3 /* Build configuration list for PBXNativeTarget "mySpotify" */;
			buildPhases = (
				85E5E22D5402E64F1DF4B951 /* [CP] Check Pods Manifest.lock */,
				FA58FE7A29422826006683B3 /* Sources */,
				FA58FE7B29422826006683B3 /* Frameworks */,
				FA58FE7C29422826006683B3 /* Resources */,
				281F095643E96BF781CE4CEB /* [CP] Embed Pods Frameworks */,
			);
			buildRules = (
			);
			dependencies = (
			);
			name = mySpotify;
			productName = mySpotify;
			productReference = FA58FE7E29422826006683B3 /* mySpotify.app */;
			productType = "com.apple.product-type.application";
		};
/* End PBXNativeTarget section */

/* Begin PBXProject section */
		FA58FE7629422826006683B3 /* Project object */ = {
			isa = PBXProject;
			attributes = {
				BuildIndependentTargetsInParallel = 1;
				LastSwiftUpdateCheck = 1410;
				LastUpgradeCheck = 1410;
				TargetAttributes = {
					FA58FE7D29422826006683B3 = {
						CreatedOnToolsVersion = 14.1;
					};
				};
			};
			buildConfigurationList = FA58FE7929422826006683B3 /* Build configuration list for PBXProject "mySpotify" */;
			compatibilityVersion = "Xcode 13.0";
			developmentRegion = en;
			hasScannedForEncodings = 0;
			knownRegions = (
				en,
				Base,
			);
			mainGroup = FA58FE7529422826006683B3;
			productRefGroup = FA58FE7F29422826006683B3 /* Products */;
			projectDirPath = "";
			projectRoot = "";
			targets = (
				FA58FE7D29422826006683B3 /* mySpotify */,
			);
		};
/* End PBXProject section */

/* Begin PBXResourcesBuildPhase section */
		FA58FE7C29422826006683B3 /* Resources */ = {
			isa = PBXResourcesBuildPhase;
			buildActionMask = 2147483647;
			files = (
				FA58FE8E2942282B006683B3 /* LaunchScreen.storyboard in Resources */,
				FA58FE8B2942282B006683B3 /* Assets.xcassets in Resources */,
			);
			runOnlyForDeploymentPostprocessing = 0;
		};
/* End PBXResourcesBuildPhase section */

/* Begin PBXShellScriptBuildPhase section */
		281F095643E96BF781CE4CEB /* [CP] Embed Pods Frameworks */ = {
			isa = PBXShellScriptBuildPhase;
			buildActionMask = 2147483647;
			files = (
			);
			inputFileListPaths = (
				"${PODS_ROOT}/Target Support Files/Pods-mySpotify/Pods-mySpotify-frameworks-${CONFIGURATION}-input-files.xcfilelist",
			);
			name = "[CP] Embed Pods Frameworks";
			outputFileListPaths = (
				"${PODS_ROOT}/Target Support Files/Pods-mySpotify/Pods-mySpotify-frameworks-${CONFIGURATION}-output-files.xcfilelist",
			);
			runOnlyForDeploymentPostprocessing = 0;
			shellPath = /bin/sh;
			shellScript = "\"${PODS_ROOT}/Target Support Files/Pods-mySpotify/Pods-mySpotify-frameworks.sh\"\n";
			showEnvVarsInLog = 0;
		};
		85E5E22D5402E64F1DF4B951 /* [CP] Check Pods Manifest.lock */ = {
			isa = PBXShellScriptBuildPhase;
			buildActionMask = 2147483647;
			files = (
			);
			inputFileListPaths = (
			);
			inputPaths = (
				"${PODS_PODFILE_DIR_PATH}/Podfile.lock",
				"${PODS_ROOT}/Manifest.lock",
			);
			name = "[CP] Check Pods Manifest.lock";
			outputFileListPaths = (
			);
			outputPaths = (
				"$(DERIVED_FILE_DIR)/Pods-mySpotify-checkManifestLockResult.txt",
			);
			runOnlyForDeploymentPostprocessing = 0;
			shellPath = /bin/sh;
			shellScript = "diff \"${PODS_PODFILE_DIR_PATH}/Podfile.lock\" \"${PODS_ROOT}/Manifest.lock\" > /dev/null\nif [ $? != 0 ] ; then\n    # print error to STDERR\n    echo \"error: The sandbox is not in sync with the Podfile.lock. Run 'pod install' or update your CocoaPods installation.\" >&2\n    exit 1\nfi\n# This output is used by Xcode 'outputs' to avoid re-running this script phase.\necho \"SUCCESS\" > \"${SCRIPT_OUTPUT_FILE_0}\"\n";
			showEnvVarsInLog = 0;
		};
/* End PBXShellScriptBuildPhase section */

/* Begin PBXSourcesBuildPhase section */
		FA58FE7A29422826006683B3 /* Sources */ = {
			isa = PBXSourcesBuildPhase;
			buildActionMask = 2147483647;
			files = (
				FABDE0892950F45E003A09D9 /* FeaturedPlaylistsCellViewModel.swift in Sources */,
				FA58FE9E29422F31006683B3 /* SearchViewController.swift in Sources */,
				FABDE067294DF305003A09D9 /* FeaturedPlaylistsResponse.swift in Sources */,
				FA58FEB929423240006683B3 /* Playlist.swift in Sources */,
				FABDE05D2947A9FD003A09D9 /* SettingsModel.swift in Sources */,
				FA58FEB3294231F3006683B3 /* AuthManager.swift in Sources */,
				FABDE08D2951FCD7003A09D9 /* AlbumViewController.swift in Sources */,
				FA525ED92954842900FAC660 /* PlaylistDetailsResponse.swift in Sources */,
				FA525EDD2955DBD700FAC660 /* PlaylistHeaderViewViewModel.swift in Sources */,
				FA58FEB1294231B4006683B3 /* SearchResultsViewController.swift in Sources */,
				FABDE045294376D0003A09D9 /* AuthResponse.swift in Sources */,
				FA58FEA72942313E006683B3 /* WelcomeViewController.swift in Sources */,
				FA525EDB2955D84B00FAC660 /* PlaylistHeaderCollectionReusableView.swift in Sources */,
				FA58FEAB2942315F006683B3 /* ProfileViewController.swift in Sources */,
				FABDE08729509E5D003A09D9 /* NewReleasesCellViewModel.swift in Sources */,
				FA58FEBF2942329E006683B3 /* AudioTrack.swift in Sources */,
				FA58FE8629422826006683B3 /* HomeViewController.swift in Sources */,
				FA58FEB72942321B006683B3 /* HapticsManager.swift in Sources */,
				FABDE08B2950F4E7003A09D9 /* RecommendedTracksCellViewModel.swift in Sources */,
				FA58FE9C29422EA4006683B3 /* TabBarController.swift in Sources */,
				FABDE070294F68B0003A09D9 /* FeaturedPlaylistsCollectionViewCell.swift in Sources */,
				FA58FEA4294230FC006683B3 /* AuthViewController.swift in Sources */,
				FA525ED329520AAB00FAC660 /* AlbumDetailsResponse.swift in Sources */,
				FABDE069294DFAB2003A09D9 /* RecommendedGenresResponse.swift in Sources */,
				FA58FE8229422826006683B3 /* AppDelegate.swift in Sources */,
				FA58FEA029422F5A006683B3 /* LibraryViewController.swift in Sources */,
				FA58FEBB29423270006683B3 /* Artist.swift in Sources */,
				FA58FEAF2942318F006683B3 /* PlaylistViewController.swift in Sources */,
				FA58FEBD2942327C006683B3 /* UserProfile.swift in Sources */,
				FA58FE8429422826006683B3 /* SceneDelegate.swift in Sources */,
				FA58FEAD29423181006683B3 /* PlayerViewController.swift in Sources */,
				FABDE06B294E2233003A09D9 /* RecommendationsResponse.swift in Sources */,
				FABDE06E294F6867003A09D9 /* NewReleasesCollectionViewCell.swift in Sources */,
				FABDE065294DEE30003A09D9 /* APIImage.swift in Sources */,
				FA58FEB529423202006683B3 /* APICaller.swift in Sources */,
				FABDE063294DED50003A09D9 /* NewReleasesResponse.swift in Sources */,
				FABDE072294F6909003A09D9 /* RecommendedTracksCollectionViewCell.swift in Sources */,
				FA58FEA929423149006683B3 /* SettingsViewController.swift in Sources */,
			);
			runOnlyForDeploymentPostprocessing = 0;
		};
/* End PBXSourcesBuildPhase section */

/* Begin PBXVariantGroup section */
		FA58FE8C2942282B006683B3 /* LaunchScreen.storyboard */ = {
			isa = PBXVariantGroup;
			children = (
				FA58FE8D2942282B006683B3 /* Base */,
			);
			name = LaunchScreen.storyboard;
			sourceTree = "<group>";
		};
/* End PBXVariantGroup section */

/* Begin XCBuildConfiguration section */
		FA58FE902942282B006683B3 /* Debug */ = {
			isa = XCBuildConfiguration;
			buildSettings = {
				ALWAYS_SEARCH_USER_PATHS = NO;
				CLANG_ANALYZER_NONNULL = YES;
				CLANG_ANALYZER_NUMBER_OBJECT_CONVERSION = YES_AGGRESSIVE;
				CLANG_CXX_LANGUAGE_STANDARD = "gnu++20";
				CLANG_ENABLE_MODULES = YES;
				CLANG_ENABLE_OBJC_ARC = YES;
				CLANG_ENABLE_OBJC_WEAK = YES;
				CLANG_WARN_BLOCK_CAPTURE_AUTORELEASING = YES;
				CLANG_WARN_BOOL_CONVERSION = YES;
				CLANG_WARN_COMMA = YES;
				CLANG_WARN_CONSTANT_CONVERSION = YES;
				CLANG_WARN_DEPRECATED_OBJC_IMPLEMENTATIONS = YES;
				CLANG_WARN_DIRECT_OBJC_ISA_USAGE = YES_ERROR;
				CLANG_WARN_DOCUMENTATION_COMMENTS = YES;
				CLANG_WARN_EMPTY_BODY = YES;
				CLANG_WARN_ENUM_CONVERSION = YES;
				CLANG_WARN_INFINITE_RECURSION = YES;
				CLANG_WARN_INT_CONVERSION = YES;
				CLANG_WARN_NON_LITERAL_NULL_CONVERSION = YES;
				CLANG_WARN_OBJC_IMPLICIT_RETAIN_SELF = YES;
				CLANG_WARN_OBJC_LITERAL_CONVERSION = YES;
				CLANG_WARN_OBJC_ROOT_CLASS = YES_ERROR;
				CLANG_WARN_QUOTED_INCLUDE_IN_FRAMEWORK_HEADER = YES;
				CLANG_WARN_RANGE_LOOP_ANALYSIS = YES;
				CLANG_WARN_STRICT_PROTOTYPES = YES;
				CLANG_WARN_SUSPICIOUS_MOVE = YES;
				CLANG_WARN_UNGUARDED_AVAILABILITY = YES_AGGRESSIVE;
				CLANG_WARN_UNREACHABLE_CODE = YES;
				CLANG_WARN__DUPLICATE_METHOD_MATCH = YES;
				COPY_PHASE_STRIP = NO;
				DEBUG_INFORMATION_FORMAT = dwarf;
				ENABLE_STRICT_OBJC_MSGSEND = YES;
				ENABLE_TESTABILITY = YES;
				GCC_C_LANGUAGE_STANDARD = gnu11;
				GCC_DYNAMIC_NO_PIC = NO;
				GCC_NO_COMMON_BLOCKS = YES;
				GCC_OPTIMIZATION_LEVEL = 0;
				GCC_PREPROCESSOR_DEFINITIONS = (
					"DEBUG=1",
					"$(inherited)",
				);
				GCC_WARN_64_TO_32_BIT_CONVERSION = YES;
				GCC_WARN_ABOUT_RETURN_TYPE = YES_ERROR;
				GCC_WARN_UNDECLARED_SELECTOR = YES;
				GCC_WARN_UNINITIALIZED_AUTOS = YES_AGGRESSIVE;
				GCC_WARN_UNUSED_FUNCTION = YES;
				GCC_WARN_UNUSED_VARIABLE = YES;
				IPHONEOS_DEPLOYMENT_TARGET = 15.0;
				MTL_ENABLE_DEBUG_INFO = INCLUDE_SOURCE;
				MTL_FAST_MATH = YES;
				ONLY_ACTIVE_ARCH = YES;
				SDKROOT = iphoneos;
				SWIFT_ACTIVE_COMPILATION_CONDITIONS = DEBUG;
				SWIFT_OPTIMIZATION_LEVEL = "-Onone";
			};
			name = Debug;
		};
		FA58FE912942282B006683B3 /* Release */ = {
			isa = XCBuildConfiguration;
			buildSettings = {
				ALWAYS_SEARCH_USER_PATHS = NO;
				CLANG_ANALYZER_NONNULL = YES;
				CLANG_ANALYZER_NUMBER_OBJECT_CONVERSION = YES_AGGRESSIVE;
				CLANG_CXX_LANGUAGE_STANDARD = "gnu++20";
				CLANG_ENABLE_MODULES = YES;
				CLANG_ENABLE_OBJC_ARC = YES;
				CLANG_ENABLE_OBJC_WEAK = YES;
				CLANG_WARN_BLOCK_CAPTURE_AUTORELEASING = YES;
				CLANG_WARN_BOOL_CONVERSION = YES;
				CLANG_WARN_COMMA = YES;
				CLANG_WARN_CONSTANT_CONVERSION = YES;
				CLANG_WARN_DEPRECATED_OBJC_IMPLEMENTATIONS = YES;
				CLANG_WARN_DIRECT_OBJC_ISA_USAGE = YES_ERROR;
				CLANG_WARN_DOCUMENTATION_COMMENTS = YES;
				CLANG_WARN_EMPTY_BODY = YES;
				CLANG_WARN_ENUM_CONVERSION = YES;
				CLANG_WARN_INFINITE_RECURSION = YES;
				CLANG_WARN_INT_CONVERSION = YES;
				CLANG_WARN_NON_LITERAL_NULL_CONVERSION = YES;
				CLANG_WARN_OBJC_IMPLICIT_RETAIN_SELF = YES;
				CLANG_WARN_OBJC_LITERAL_CONVERSION = YES;
				CLANG_WARN_OBJC_ROOT_CLASS = YES_ERROR;
				CLANG_WARN_QUOTED_INCLUDE_IN_FRAMEWORK_HEADER = YES;
				CLANG_WARN_RANGE_LOOP_ANALYSIS = YES;
				CLANG_WARN_STRICT_PROTOTYPES = YES;
				CLANG_WARN_SUSPICIOUS_MOVE = YES;
				CLANG_WARN_UNGUARDED_AVAILABILITY = YES_AGGRESSIVE;
				CLANG_WARN_UNREACHABLE_CODE = YES;
				CLANG_WARN__DUPLICATE_METHOD_MATCH = YES;
				COPY_PHASE_STRIP = NO;
				DEBUG_INFORMATION_FORMAT = "dwarf-with-dsym";
				ENABLE_NS_ASSERTIONS = NO;
				ENABLE_STRICT_OBJC_MSGSEND = YES;
				GCC_C_LANGUAGE_STANDARD = gnu11;
				GCC_NO_COMMON_BLOCKS = YES;
				GCC_WARN_64_TO_32_BIT_CONVERSION = YES;
				GCC_WARN_ABOUT_RETURN_TYPE = YES_ERROR;
				GCC_WARN_UNDECLARED_SELECTOR = YES;
				GCC_WARN_UNINITIALIZED_AUTOS = YES_AGGRESSIVE;
				GCC_WARN_UNUSED_FUNCTION = YES;
				GCC_WARN_UNUSED_VARIABLE = YES;
				IPHONEOS_DEPLOYMENT_TARGET = 15.0;
				MTL_ENABLE_DEBUG_INFO = NO;
				MTL_FAST_MATH = YES;
				SDKROOT = iphoneos;
				SWIFT_COMPILATION_MODE = wholemodule;
				SWIFT_OPTIMIZATION_LEVEL = "-O";
				VALIDATE_PRODUCT = YES;
			};
			name = Release;
		};
		FA58FE932942282B006683B3 /* Debug */ = {
			isa = XCBuildConfiguration;
			baseConfigurationReference = D6A3FE4FD8491245374581F8 /* Pods-mySpotify.debug.xcconfig */;
			buildSettings = {
				ASSETCATALOG_COMPILER_APPICON_NAME = AppIcon;
				ASSETCATALOG_COMPILER_GLOBAL_ACCENT_COLOR_NAME = AccentColor;
				CODE_SIGN_STYLE = Automatic;
				CURRENT_PROJECT_VERSION = 1;
				GENERATE_INFOPLIST_FILE = YES;
				INFOPLIST_FILE = mySpotify/Info.plist;
				INFOPLIST_KEY_UIApplicationSupportsIndirectInputEvents = YES;
				INFOPLIST_KEY_UILaunchStoryboardName = LaunchScreen;
				INFOPLIST_KEY_UISupportedInterfaceOrientations = UIInterfaceOrientationPortrait;
				INFOPLIST_KEY_UISupportedInterfaceOrientations_iPad = "UIInterfaceOrientationLandscapeLeft UIInterfaceOrientationLandscapeRight UIInterfaceOrientationPortrait UIInterfaceOrientationPortraitUpsideDown";
				IPHONEOS_DEPLOYMENT_TARGET = 15.0;
				LD_RUNPATH_SEARCH_PATHS = (
					"$(inherited)",
					"@executable_path/Frameworks",
				);
				MARKETING_VERSION = 1.0;
				PRODUCT_BUNDLE_IDENTIFIER = koztimesin.mySpotify;
				PRODUCT_NAME = "$(TARGET_NAME)";
				SUPPORTED_PLATFORMS = "iphoneos iphonesimulator";
				SUPPORTS_MACCATALYST = NO;
				SUPPORTS_MAC_DESIGNED_FOR_IPHONE_IPAD = NO;
				SWIFT_EMIT_LOC_STRINGS = YES;
				SWIFT_VERSION = 5.0;
				TARGETED_DEVICE_FAMILY = 1;
			};
			name = Debug;
		};
		FA58FE942942282B006683B3 /* Release */ = {
			isa = XCBuildConfiguration;
			baseConfigurationReference = 379168D2B49BF691B857EE45 /* Pods-mySpotify.release.xcconfig */;
			buildSettings = {
				ASSETCATALOG_COMPILER_APPICON_NAME = AppIcon;
				ASSETCATALOG_COMPILER_GLOBAL_ACCENT_COLOR_NAME = AccentColor;
				CODE_SIGN_STYLE = Automatic;
				CURRENT_PROJECT_VERSION = 1;
				GENERATE_INFOPLIST_FILE = YES;
				INFOPLIST_FILE = mySpotify/Info.plist;
				INFOPLIST_KEY_UIApplicationSupportsIndirectInputEvents = YES;
				INFOPLIST_KEY_UILaunchStoryboardName = LaunchScreen;
				INFOPLIST_KEY_UISupportedInterfaceOrientations = UIInterfaceOrientationPortrait;
				INFOPLIST_KEY_UISupportedInterfaceOrientations_iPad = "UIInterfaceOrientationLandscapeLeft UIInterfaceOrientationLandscapeRight UIInterfaceOrientationPortrait UIInterfaceOrientationPortraitUpsideDown";
				IPHONEOS_DEPLOYMENT_TARGET = 15.0;
				LD_RUNPATH_SEARCH_PATHS = (
					"$(inherited)",
					"@executable_path/Frameworks",
				);
				MARKETING_VERSION = 1.0;
				PRODUCT_BUNDLE_IDENTIFIER = koztimesin.mySpotify;
				PRODUCT_NAME = "$(TARGET_NAME)";
				SUPPORTED_PLATFORMS = "iphoneos iphonesimulator";
				SUPPORTS_MACCATALYST = NO;
				SUPPORTS_MAC_DESIGNED_FOR_IPHONE_IPAD = NO;
				SWIFT_EMIT_LOC_STRINGS = YES;
				SWIFT_VERSION = 5.0;
				TARGETED_DEVICE_FAMILY = 1;
			};
			name = Release;
		};
/* End XCBuildConfiguration section */

/* Begin XCConfigurationList section */
		FA58FE7929422826006683B3 /* Build configuration list for PBXProject "mySpotify" */ = {
			isa = XCConfigurationList;
			buildConfigurations = (
				FA58FE902942282B006683B3 /* Debug */,
				FA58FE912942282B006683B3 /* Release */,
			);
			defaultConfigurationIsVisible = 0;
			defaultConfigurationName = Release;
		};
		FA58FE922942282B006683B3 /* Build configuration list for PBXNativeTarget "mySpotify" */ = {
			isa = XCConfigurationList;
			buildConfigurations = (
				FA58FE932942282B006683B3 /* Debug */,
				FA58FE942942282B006683B3 /* Release */,
			);
			defaultConfigurationIsVisible = 0;
			defaultConfigurationName = Release;
		};
/* End XCConfigurationList section */
	};
	rootObject = FA58FE7629422826006683B3 /* Project object */;
}
